// !$*UTF8*$!
{
	archiveVersion = 1;
	classes = {
	};
	objectVersion = 50;
	objects = {

/* Begin PBXBuildFile section */
		EA7BB5CE25F8907C00557232 /* LWAddressBookService.m in Sources */ = {isa = PBXBuildFile; fileRef = EA7BB5C825F8907C00557232 /* LWAddressBookService.m */; };
		EA7BB5CF25F8907C00557232 /* pinyin.h in Headers */ = {isa = PBXBuildFile; fileRef = EA7BB5CA25F8907C00557232 /* pinyin.h */; settings = {ATTRIBUTES = (Public, ); }; };
		EA7BB5D025F8907C00557232 /* pinyin.m in Sources */ = {isa = PBXBuildFile; fileRef = EA7BB5CB25F8907C00557232 /* pinyin.m */; };
		EA7BB5D225F8907C00557232 /* LWAddressBookService.h in Headers */ = {isa = PBXBuildFile; fileRef = EA7BB5CD25F8907C00557232 /* LWAddressBookService.h */; settings = {ATTRIBUTES = (Public, ); }; };
		EA7BB5D525F890C600557232 /* APAddressBook.framework in Frameworks */ = {isa = PBXBuildFile; fileRef = EA7BB5D425F890C600557232 /* APAddressBook.framework */; };
		EA7BB5D725F8913300557232 /* APAddressBook.framework in CopyFiles */ = {isa = PBXBuildFile; fileRef = EA7BB5D425F890C600557232 /* APAddressBook.framework */; settings = {ATTRIBUTES = (CodeSignOnCopy, RemoveHeadersOnCopy, ); }; };
/* End PBXBuildFile section */

/* Begin PBXCopyFilesBuildPhase section */
		EA7BB5D625F8912200557232 /* CopyFiles */ = {
			isa = PBXCopyFilesBuildPhase;
			buildActionMask = 2147483647;
			dstPath = "";
			dstSubfolderSpec = 10;
			files = (
				EA7BB5D725F8913300557232 /* APAddressBook.framework in CopyFiles */,
			);
			runOnlyForDeploymentPostprocessing = 0;
		};
/* End PBXCopyFilesBuildPhase section */

/* Begin PBXFileReference section */
		EA7BB5BC25F88F0200557232 /* LWContactManager.framework */ = {isa = PBXFileReference; explicitFileType = wrapper.framework; includeInIndex = 0; path = LWContactManager.framework; sourceTree = BUILT_PRODUCTS_DIR; };
		EA7BB5C025F88F0200557232 /* Info.plist */ = {isa = PBXFileReference; lastKnownFileType = text.plist.xml; path = Info.plist; sourceTree = "<group>"; };
		EA7BB5C825F8907C00557232 /* LWAddressBookService.m */ = {isa = PBXFileReference; fileEncoding = 4; lastKnownFileType = sourcecode.c.objc; path = LWAddressBookService.m; sourceTree = "<group>"; };
		EA7BB5CA25F8907C00557232 /* pinyin.h */ = {isa = PBXFileReference; fileEncoding = 4; lastKnownFileType = sourcecode.c.h; path = pinyin.h; sourceTree = "<group>"; };
		EA7BB5CB25F8907C00557232 /* pinyin.m */ = {isa = PBXFileReference; fileEncoding = 4; lastKnownFileType = sourcecode.c.objc; path = pinyin.m; sourceTree = "<group>"; };
		EA7BB5CD25F8907C00557232 /* LWAddressBookService.h */ = {isa = PBXFileReference; fileEncoding = 4; lastKnownFileType = sourcecode.c.h; path = LWAddressBookService.h; sourceTree = "<group>"; };
		EA7BB5D425F890C600557232 /* APAddressBook.framework */ = {isa = PBXFileReference; lastKnownFileType = wrapper.framework; name = APAddressBook.framework; path = Carthage/Build/iOS/APAddressBook.framework; sourceTree = "<group>"; };
/* End PBXFileReference section */

/* Begin PBXFrameworksBuildPhase section */
		EA7BB5B925F88F0200557232 /* Frameworks */ = {
			isa = PBXFrameworksBuildPhase;
			buildActionMask = 2147483647;
			files = (
				EA7BB5D525F890C600557232 /* APAddressBook.framework in Frameworks */,
			);
			runOnlyForDeploymentPostprocessing = 0;
		};
/* End PBXFrameworksBuildPhase section */

/* Begin PBXGroup section */
		EA7BB5B225F88F0200557232 = {
			isa = PBXGroup;
			children = (
				EA7BB5BE25F88F0200557232 /* LWContactManager */,
				EA7BB5BD25F88F0200557232 /* Products */,
				EA7BB5D325F890C600557232 /* Frameworks */,
			);
			sourceTree = "<group>";
		};
		EA7BB5BD25F88F0200557232 /* Products */ = {
			isa = PBXGroup;
			children = (
				EA7BB5BC25F88F0200557232 /* LWContactManager.framework */,
			);
			name = Products;
			sourceTree = "<group>";
		};
		EA7BB5BE25F88F0200557232 /* LWContactManager */ = {
			isa = PBXGroup;
			children = (
				EA7BB5C725F8907C00557232 /* Classes */,
				EA7BB5C025F88F0200557232 /* Info.plist */,
			);
			path = LWContactManager;
			sourceTree = "<group>";
		};
		EA7BB5C725F8907C00557232 /* Classes */ = {
			isa = PBXGroup;
			children = (
				EA7BB5C925F8907C00557232 /* Pinyin */,
				EA7BB5CD25F8907C00557232 /* LWAddressBookService.h */,
				EA7BB5C825F8907C00557232 /* LWAddressBookService.m */,
			);
			path = Classes;
			sourceTree = "<group>";
		};
		EA7BB5C925F8907C00557232 /* Pinyin */ = {
			isa = PBXGroup;
			children = (
				EA7BB5CA25F8907C00557232 /* pinyin.h */,
				EA7BB5CB25F8907C00557232 /* pinyin.m */,
			);
			path = Pinyin;
			sourceTree = "<group>";
		};
		EA7BB5D325F890C600557232 /* Frameworks */ = {
			isa = PBXGroup;
			children = (
				EA7BB5D425F890C600557232 /* APAddressBook.framework */,
			);
			name = Frameworks;
			sourceTree = "<group>";
		};
/* End PBXGroup section */

/* Begin PBXHeadersBuildPhase section */
		EA7BB5B725F88F0200557232 /* Headers */ = {
			isa = PBXHeadersBuildPhase;
			buildActionMask = 2147483647;
			files = (
				EA7BB5CF25F8907C00557232 /* pinyin.h in Headers */,
				EA7BB5D225F8907C00557232 /* LWAddressBookService.h in Headers */,
			);
			runOnlyForDeploymentPostprocessing = 0;
		};
/* End PBXHeadersBuildPhase section */

/* Begin PBXNativeTarget section */
		EA7BB5BB25F88F0200557232 /* LWContactManager */ = {
			isa = PBXNativeTarget;
			buildConfigurationList = EA7BB5C425F88F0200557232 /* Build configuration list for PBXNativeTarget "LWContactManager" */;
			buildPhases = (
				EA7BB5B725F88F0200557232 /* Headers */,
				EA7BB5B825F88F0200557232 /* Sources */,
				EA7BB5B925F88F0200557232 /* Frameworks */,
				EA7BB5BA25F88F0200557232 /* Resources */,
				EA7BB5D625F8912200557232 /* CopyFiles */,
			);
			buildRules = (
			);
			dependencies = (
			);
			name = LWContactManager;
			productName = LWContactManager;
			productReference = EA7BB5BC25F88F0200557232 /* LWContactManager.framework */;
			productType = "com.apple.product-type.framework";
		};
/* End PBXNativeTarget section */

/* Begin PBXProject section */
		EA7BB5B325F88F0200557232 /* Project object */ = {
			isa = PBXProject;
			attributes = {
				LastUpgradeCheck = 1170;
				ORGANIZATIONNAME = "Luo Wei";
				TargetAttributes = {
					EA7BB5BB25F88F0200557232 = {
						CreatedOnToolsVersion = 11.7;
					};
				};
			};
			buildConfigurationList = EA7BB5B625F88F0200557232 /* Build configuration list for PBXProject "LWContactManager" */;
			compatibilityVersion = "Xcode 9.3";
			developmentRegion = en;
			hasScannedForEncodings = 0;
			knownRegions = (
				en,
				Base,
			);
			mainGroup = EA7BB5B225F88F0200557232;
			productRefGroup = EA7BB5BD25F88F0200557232 /* Products */;
			projectDirPath = "";
			projectRoot = "";
			targets = (
				EA7BB5BB25F88F0200557232 /* LWContactManager */,
			);
		};
/* End PBXProject section */

/* Begin PBXResourcesBuildPhase section */
		EA7BB5BA25F88F0200557232 /* Resources */ = {
			isa = PBXResourcesBuildPhase;
			buildActionMask = 2147483647;
			files = (
			);
			runOnlyForDeploymentPostprocessing = 0;
		};
/* End PBXResourcesBuildPhase section */

/* Begin PBXSourcesBuildPhase section */
		EA7BB5B825F88F0200557232 /* Sources */ = {
			isa = PBXSourcesBuildPhase;
			buildActionMask = 2147483647;
			files = (
				EA7BB5D025F8907C00557232 /* pinyin.m in Sources */,
				EA7BB5CE25F8907C00557232 /* LWAddressBookService.m in Sources */,
			);
			runOnlyForDeploymentPostprocessing = 0;
		};
/* End PBXSourcesBuildPhase section */

/* Begin XCBuildConfiguration section */
		EA7BB5C225F88F0200557232 /* Debug */ = {
			isa = XCBuildConfiguration;
			buildSettings = {
				ALWAYS_SEARCH_USER_PATHS = NO;
				CLANG_ANALYZER_NONNULL = YES;
				CLANG_ANALYZER_NUMBER_OBJECT_CONVERSION = YES_AGGRESSIVE;
				CLANG_CXX_LANGUAGE_STANDARD = "gnu++14";
				CLANG_CXX_LIBRARY = "libc++";
				CLANG_ENABLE_MODULES = YES;
				CLANG_ENABLE_OBJC_ARC = YES;
				CLANG_ENABLE_OBJC_WEAK = YES;
				CLANG_WARN_BLOCK_CAPTURE_AUTORELEASING = YES;
				CLANG_WARN_BOOL_CONVERSION = YES;
				CLANG_WARN_COMMA = YES;
				CLANG_WARN_CONSTANT_CONVERSION = YES;
				CLANG_WARN_DEPRECATED_OBJC_IMPLEMENTATIONS = YES;
				CLANG_WARN_DIRECT_OBJC_ISA_USAGE = YES_ERROR;
				CLANG_WARN_DOCUMENTATION_COMMENTS = YES;
				CLANG_WARN_EMPTY_BODY = YES;
				CLANG_WARN_ENUM_CONVERSION = YES;
				CLANG_WARN_INFINITE_RECURSION = YES;
				CLANG_WARN_INT_CONVERSION = YES;
				CLANG_WARN_NON_LITERAL_NULL_CONVERSION = YES;
				CLANG_WARN_OBJC_IMPLICIT_RETAIN_SELF = YES;
				CLANG_WARN_OBJC_LITERAL_CONVERSION = YES;
				CLANG_WARN_OBJC_ROOT_CLASS = YES_ERROR;
				CLANG_WARN_RANGE_LOOP_ANALYSIS = YES;
				CLANG_WARN_STRICT_PROTOTYPES = YES;
				CLANG_WARN_SUSPICIOUS_MOVE = YES;
				CLANG_WARN_UNGUARDED_AVAILABILITY = YES_AGGRESSIVE;
				CLANG_WARN_UNREACHABLE_CODE = YES;
				CLANG_WARN__DUPLICATE_METHOD_MATCH = YES;
				COPY_PHASE_STRIP = NO;
				CURRENT_PROJECT_VERSION = 1;
				DEBUG_INFORMATION_FORMAT = dwarf;
				ENABLE_STRICT_OBJC_MSGSEND = YES;
				ENABLE_TESTABILITY = YES;
				GCC_C_LANGUAGE_STANDARD = gnu11;
				GCC_DYNAMIC_NO_PIC = NO;
				GCC_NO_COMMON_BLOCKS = YES;
				GCC_OPTIMIZATION_LEVEL = 0;
				GCC_PREPROCESSOR_DEFINITIONS = (
					"DEBUG=1",
					"$(inherited)",
				);
				GCC_WARN_64_TO_32_BIT_CONVERSION = YES;
				GCC_WARN_ABOUT_RETURN_TYPE = YES_ERROR;
				GCC_WARN_UNDECLARED_SELECTOR = YES;
				GCC_WARN_UNINITIALIZED_AUTOS = YES_AGGRESSIVE;
				GCC_WARN_UNUSED_FUNCTION = YES;
				GCC_WARN_UNUSED_VARIABLE = YES;
				IPHONEOS_DEPLOYMENT_TARGET = 13.7;
				MTL_ENABLE_DEBUG_INFO = INCLUDE_SOURCE;
				MTL_FAST_MATH = YES;
				ONLY_ACTIVE_ARCH = YES;
				SDKROOT = iphoneos;
				VERSIONING_SYSTEM = "apple-generic";
				VERSION_INFO_PREFIX = "";
			};
			name = Debug;
		};
		EA7BB5C325F88F0200557232 /* Release */ = {
			isa = XCBuildConfiguration;
			buildSettings = {
				ALWAYS_SEARCH_USER_PATHS = NO;
				CLANG_ANALYZER_NONNULL = YES;
				CLANG_ANALYZER_NUMBER_OBJECT_CONVERSION = YES_AGGRESSIVE;
				CLANG_CXX_LANGUAGE_STANDARD = "gnu++14";
				CLANG_CXX_LIBRARY = "libc++";
				CLANG_ENABLE_MODULES = YES;
				CLANG_ENABLE_OBJC_ARC = YES;
				CLANG_ENABLE_OBJC_WEAK = YES;
				CLANG_WARN_BLOCK_CAPTURE_AUTORELEASING = YES;
				CLANG_WARN_BOOL_CONVERSION = YES;
				CLANG_WARN_COMMA = YES;
				CLANG_WARN_CONSTANT_CONVERSION = YES;
				CLANG_WARN_DEPRECATED_OBJC_IMPLEMENTATIONS = YES;
				CLANG_WARN_DIRECT_OBJC_ISA_USAGE = YES_ERROR;
				CLANG_WARN_DOCUMENTATION_COMMENTS = YES;
				CLANG_WARN_EMPTY_BODY = YES;
				CLANG_WARN_ENUM_CONVERSION = YES;
				CLANG_WARN_INFINITE_RECURSION = YES;
				CLANG_WARN_INT_CONVERSION = YES;
				CLANG_WARN_NON_LITERAL_NULL_CONVERSION = YES;
				CLANG_WARN_OBJC_IMPLICIT_RETAIN_SELF = YES;
				CLANG_WARN_OBJC_LITERAL_CONVERSION = YES;
				CLANG_WARN_OBJC_ROOT_CLASS = YES_ERROR;
				CLANG_WARN_RANGE_LOOP_ANALYSIS = YES;
				CLANG_WARN_STRICT_PROTOTYPES = YES;
				CLANG_WARN_SUSPICIOUS_MOVE = YES;
				CLANG_WARN_UNGUARDED_AVAILABILITY = YES_AGGRESSIVE;
				CLANG_WARN_UNREACHABLE_CODE = YES;
				CLANG_WARN__DUPLICATE_METHOD_MATCH = YES;
				COPY_PHASE_STRIP = NO;
				CURRENT_PROJECT_VERSION = 1;
				DEBUG_INFORMATION_FORMAT = "dwarf-with-dsym";
				ENABLE_NS_ASSERTIONS = NO;
				ENABLE_STRICT_OBJC_MSGSEND = YES;
				GCC_C_LANGUAGE_STANDARD = gnu11;
				GCC_NO_COMMON_BLOCKS = YES;
				GCC_WARN_64_TO_32_BIT_CONVERSION = YES;
				GCC_WARN_ABOUT_RETURN_TYPE = YES_ERROR;
				GCC_WARN_UNDECLARED_SELECTOR = YES;
				GCC_WARN_UNINITIALIZED_AUTOS = YES_AGGRESSIVE;
				GCC_WARN_UNUSED_FUNCTION = YES;
				GCC_WARN_UNUSED_VARIABLE = YES;
				IPHONEOS_DEPLOYMENT_TARGET = 13.7;
				MTL_ENABLE_DEBUG_INFO = NO;
				MTL_FAST_MATH = YES;
				SDKROOT = iphoneos;
				VALIDATE_PRODUCT = YES;
				VERSIONING_SYSTEM = "apple-generic";
				VERSION_INFO_PREFIX = "";
			};
			name = Release;
		};
		EA7BB5C525F88F0200557232 /* Debug */ = {
			isa = XCBuildConfiguration;
			buildSettings = {
				CODE_SIGN_STYLE = Automatic;
				DEFINES_MODULE = YES;
				DEVELOPMENT_TEAM = G3A2KYKYBU;
				DYLIB_COMPATIBILITY_VERSION = 1;
				DYLIB_CURRENT_VERSION = 1;
				DYLIB_INSTALL_NAME_BASE = "@rpath";
				FRAMEWORK_SEARCH_PATHS = (
					"$(inherited)",
					"$(PROJECT_DIR)/Carthage/Build/iOS",
				);
				HEADER_SEARCH_PATHS = "$(PROJECT_DIR)/Carthage/Build/iOS/APAddressBook.framework/**";
				INFOPLIST_FILE = LWContactManager/Info.plist;
				INSTALL_PATH = "$(LOCAL_LIBRARY_DIR)/Frameworks";
				IPHONEOS_DEPLOYMENT_TARGET = 8.0;
				LD_RUNPATH_SEARCH_PATHS = (
					"$(inherited)",
					"@executable_path/Frameworks",
					"@loader_path/Frameworks",
				);
				PRODUCT_BUNDLE_IDENTIFIER = com.test.LWContactManager;
				PRODUCT_NAME = "$(TARGET_NAME:c99extidentifier)";
				SKIP_INSTALL = YES;
				TARGETED_DEVICE_FAMILY = "1,2";
			};
			name = Debug;
		};
		EA7BB5C625F88F0200557232 /* Release */ = {
			isa = XCBuildConfiguration;
			buildSettings = {
				CODE_SIGN_STYLE = Automatic;
				DEFINES_MODULE = YES;
				DEVELOPMENT_TEAM = G3A2KYKYBU;
				DYLIB_COMPATIBILITY_VERSION = 1;
				DYLIB_CURRENT_VERSION = 1;
				DYLIB_INSTALL_NAME_BASE = "@rpath";
				FRAMEWORK_SEARCH_PATHS = (
					"$(inherited)",
					"$(PROJECT_DIR)/Carthage/Build/iOS",
				);
				HEADER_SEARCH_PATHS = "$(PROJECT_DIR)/Carthage/Build/iOS/APAddressBook.framework/**";
				INFOPLIST_FILE = LWContactManager/Info.plist;
				INSTALL_PATH = "$(LOCAL_LIBRARY_DIR)/Frameworks";
				IPHONEOS_DEPLOYMENT_TARGET = 8.0;
				LD_RUNPATH_SEARCH_PATHS = (
					"$(inherited)",
					"@executable_path/Frameworks",
					"@loader_path/Frameworks",
				);
				PRODUCT_BUNDLE_IDENTIFIER = com.test.LWContactManager;
				PRODUCT_NAME = "$(TARGET_NAME:c99extidentifier)";
				SKIP_INSTALL = YES;
				TARGETED_DEVICE_FAMILY = "1,2";
			};
			name = Release;
		};
/* End XCBuildConfiguration section */

/* Begin XCConfigurationList section */
		EA7BB5B625F88F0200557232 /* Build configuration list for PBXProject "LWContactManager" */ = {
			isa = XCConfigurationList;
			buildConfigurations = (
				EA7BB5C225F88F0200557232 /* Debug */,
				EA7BB5C325F88F0200557232 /* Release */,
			);
			defaultConfigurationIsVisible = 0;
			defaultConfigurationName = Release;
		};
		EA7BB5C425F88F0200557232 /* Build configuration list for PBXNativeTarget "LWContactManager" */ = {
			isa = XCConfigurationList;
			buildConfigurations = (
				EA7BB5C525F88F0200557232 /* Debug */,
				EA7BB5C625F88F0200557232 /* Release */,
			);
			defaultConfigurationIsVisible = 0;
			defaultConfigurationName = Release;
		};
/* End XCConfigurationList section */
	};
	rootObject = EA7BB5B325F88F0200557232 /* Project object */;
}
